{
  "name": "mern-template",
  "lockfileVersion": 3,
  "requires": true,
  "packages": {
    "": {
      "devDependencies": {
        "@tsconfig/node18": "^2.0.1"
      }
    },
    "node_modules/@tsconfig/node18": {
      "version": "2.0.1",
      "resolved": "https://registry.npmjs.org/@tsconfig/node18/-/node18-2.0.1.tgz",
      "integrity": "sha512-UqdfvuJK0SArA2CxhKWwwAWfnVSXiYe63bVpMutc27vpngCntGUZQETO24pEJ46zU6XM+7SpqYoMgcO3bM11Ew==",
      "dev": true
    }
  }
}
